
Microsoft Visual Studio Solution File, Format Version 12.00
# Visual Studio Version 17
VisualStudioVersion = 17.6.33801.468
MinimumVisualStudioVersion = 10.0.40219.1
Project("{FAE04EC0-301F-11D3-BF4B-00C04F79EFBC}") = "KørselsFradrag", "KørselsFradrag\KørselsFradrag.csproj", "{07F0AB3A-5EB4-4565-9F3E-E6853BE42E8E}"
EndProject
Global
	GlobalSection(SolutionConfigurationPlatforms) = preSolution
		Debug|Any CPU = Debug|Any CPU
		Release|Any CPU = Release|Any CPU
	EndGlobalSection
	GlobalSection(ProjectConfigurationPlatforms) = postSolution
		{07F0AB3A-5EB4-4565-9F3E-E6853BE42E8E}.Debug|Any CPU.ActiveCfg = Debug|Any CPU
		{07F0AB3A-5EB4-4565-9F3E-E6853BE42E8E}.Debug|Any CPU.Build.0 = Debug|Any CPU
		{07F0AB3A-5EB4-4565-9F3E-E6853BE42E8E}.Release|Any CPU.ActiveCfg = Release|Any CPU
		{07F0AB3A-5EB4-4565-9F3E-E6853BE42E8E}.Release|Any CPU.Build.0 = Release|Any CPU
	EndGlobalSection
	GlobalSection(SolutionProperties) = preSolution
		HideSolutionNode = FALSE
	EndGlobalSection
	GlobalSection(ExtensibilityGlobals) = postSolution
		SolutionGuid = {F58D142D-4EDC-4BB6-A316-7A9E41063BF6}
	EndGlobalSection
EndGlobal
